
Microsoft Visual Studio Solution File, Format Version 12.00
# Visual Studio Version 17
VisualStudioVersion = 17.3.32929.385
MinimumVisualStudioVersion = 10.0.40219.1
Project("{FAE04EC0-301F-11D3-BF4B-00C04F79EFBC}") = "OTS2023_DroneSimulator", "OTS2023_DroneSimulator\OTS2023_DroneSimulator.csproj", "{81981857-D232-4738-9F13-DF2347AA0681}"
EndProject
Global
	GlobalSection(SolutionConfigurationPlatforms) = preSolution
		Debug|Any CPU = Debug|Any CPU
		Release|Any CPU = Release|Any CPU
	EndGlobalSection
	GlobalSection(ProjectConfigurationPlatforms) = postSolution
		{81981857-D232-4738-9F13-DF2347AA0681}.Debug|Any CPU.ActiveCfg = Debug|Any CPU
		{81981857-D232-4738-9F13-DF2347AA0681}.Debug|Any CPU.Build.0 = Debug|Any CPU
		{81981857-D232-4738-9F13-DF2347AA0681}.Release|Any CPU.ActiveCfg = Release|Any CPU
		{81981857-D232-4738-9F13-DF2347AA0681}.Release|Any CPU.Build.0 = Release|Any CPU
	EndGlobalSection
	GlobalSection(SolutionProperties) = preSolution
		HideSolutionNode = FALSE
	EndGlobalSection
	GlobalSection(ExtensibilityGlobals) = postSolution
		SolutionGuid = {474693BA-6330-49A3-8533-C785064BF81D}
	EndGlobalSection
EndGlobal
